
Microsoft Visual Studio Solution File, Format Version 12.00
# Visual Studio Version 17
VisualStudioVersion = 17.4.33213.308
MinimumVisualStudioVersion = 10.0.40219.1
Project("{9A19103F-16F7-4668-BE54-9A1E7A4F7556}") = "BloomFilter", "BloomFilter\BloomFilter.csproj", "{88FF8EE9-E094-41BA-ABA9-6F76E09D1AB3}"
EndProject
Project("{9A19103F-16F7-4668-BE54-9A1E7A4F7556}") = "UnitTest", "UnitTest\UnitTest.csproj", "{8C38D2AE-6A37-4C34-938D-9E11EB73EB91}"
EndProject
Project("{FAE04EC0-301F-11D3-BF4B-00C04F79EFBC}") = "BloomFilterBitWise", "BloomFilterBitWise\BloomFilterBitWise.csproj", "{A93D61E4-353F-4D40-A22F-2CE3AFDAB389}"
EndProject
Global
	GlobalSection(SolutionConfigurationPlatforms) = preSolution
		Debug|Any CPU = Debug|Any CPU
		Release|Any CPU = Release|Any CPU
	EndGlobalSection
	GlobalSection(ProjectConfigurationPlatforms) = postSolution
		{88FF8EE9-E094-41BA-ABA9-6F76E09D1AB3}.Debug|Any CPU.ActiveCfg = Debug|Any CPU
		{88FF8EE9-E094-41BA-ABA9-6F76E09D1AB3}.Debug|Any CPU.Build.0 = Debug|Any CPU
		{88FF8EE9-E094-41BA-ABA9-6F76E09D1AB3}.Release|Any CPU.ActiveCfg = Release|Any CPU
		{88FF8EE9-E094-41BA-ABA9-6F76E09D1AB3}.Release|Any CPU.Build.0 = Release|Any CPU
		{8C38D2AE-6A37-4C34-938D-9E11EB73EB91}.Debug|Any CPU.ActiveCfg = Debug|Any CPU
		{8C38D2AE-6A37-4C34-938D-9E11EB73EB91}.Debug|Any CPU.Build.0 = Debug|Any CPU
		{8C38D2AE-6A37-4C34-938D-9E11EB73EB91}.Release|Any CPU.ActiveCfg = Release|Any CPU
		{8C38D2AE-6A37-4C34-938D-9E11EB73EB91}.Release|Any CPU.Build.0 = Release|Any CPU
		{A93D61E4-353F-4D40-A22F-2CE3AFDAB389}.Debug|Any CPU.ActiveCfg = Debug|Any CPU
		{A93D61E4-353F-4D40-A22F-2CE3AFDAB389}.Debug|Any CPU.Build.0 = Debug|Any CPU
		{A93D61E4-353F-4D40-A22F-2CE3AFDAB389}.Release|Any CPU.ActiveCfg = Release|Any CPU
		{A93D61E4-353F-4D40-A22F-2CE3AFDAB389}.Release|Any CPU.Build.0 = Release|Any CPU
	EndGlobalSection
	GlobalSection(SolutionProperties) = preSolution
		HideSolutionNode = FALSE
	EndGlobalSection
	GlobalSection(ExtensibilityGlobals) = postSolution
		SolutionGuid = {7144C592-2BA3-4779-A74B-5B15FAF122F0}
	EndGlobalSection
EndGlobal
